
Microsoft Visual Studio Solution File, Format Version 12.00
# Visual Studio Version 17
VisualStudioVersion = 17.10.35004.147
MinimumVisualStudioVersion = 10.0.40219.1
Project("{E24C65DC-7377-472B-9ABA-BC803B73C61A}") = "ProdApp_V1", ".", "{54E05536-45FC-410C-A2DE-FAF461186CDC}"
	ProjectSection(WebsiteProperties) = preProject
		TargetFrameworkMoniker = ".NETFramework,Version%3Dv4.8.1"
		Debug.AspNetCompiler.VirtualPath = "/localhost_61936"
		Debug.AspNetCompiler.PhysicalPath = "..\ProdApp_V1\"
		Debug.AspNetCompiler.TargetPath = "PrecompiledWeb\localhost_61936\"
		Debug.AspNetCompiler.Updateable = "true"
		Debug.AspNetCompiler.ForceOverwrite = "true"
		Debug.AspNetCompiler.FixedNames = "false"
		Debug.AspNetCompiler.Debug = "True"
		Release.AspNetCompiler.VirtualPath = "/localhost_61936"
		Release.AspNetCompiler.PhysicalPath = "..\ProdApp_V1\"
		Release.AspNetCompiler.TargetPath = "PrecompiledWeb\localhost_61936\"
		Release.AspNetCompiler.Updateable = "true"
		Release.AspNetCompiler.ForceOverwrite = "true"
		Release.AspNetCompiler.FixedNames = "false"
		Release.AspNetCompiler.Debug = "False"
		VWDPort = "61936"
		SlnRelativePath = "..\ProdApp_V1\"
		DefaultWebSiteLanguage = "Visual C#"
	EndProjectSection
EndProject
Global
	GlobalSection(SolutionConfigurationPlatforms) = preSolution
		Debug|Any CPU = Debug|Any CPU
	EndGlobalSection
	GlobalSection(ProjectConfigurationPlatforms) = postSolution
		{54E05536-45FC-410C-A2DE-FAF461186CDC}.Debug|Any CPU.ActiveCfg = Debug|Any CPU
		{54E05536-45FC-410C-A2DE-FAF461186CDC}.Debug|Any CPU.Build.0 = Debug|Any CPU
	EndGlobalSection
	GlobalSection(SolutionProperties) = preSolution
		HideSolutionNode = FALSE
	EndGlobalSection
	GlobalSection(ExtensibilityGlobals) = postSolution
		SolutionGuid = {3324CE24-EE84-4ABE-A7D9-E02462FB81E5}
	EndGlobalSection
EndGlobal
